
Microsoft Visual Studio Solution File, Format Version 12.00
# Visual Studio Version 17
VisualStudioVersion = 17.7.34003.232
MinimumVisualStudioVersion = 10.0.40219.1
Project("{FAE04EC0-301F-11D3-BF4B-00C04F79EFBC}") = "ASP.NET Core MVC. CRUD-операции", "ASP.NET Core MVC. CRUD-операции\ASP.NET Core MVC. CRUD-операции.csproj", "{F176F6D4-A5F4-4780-A0D5-9AC39FE38A04}"
EndProject
Global
	GlobalSection(SolutionConfigurationPlatforms) = preSolution
		Debug|Any CPU = Debug|Any CPU
		Release|Any CPU = Release|Any CPU
	EndGlobalSection
	GlobalSection(ProjectConfigurationPlatforms) = postSolution
		{F176F6D4-A5F4-4780-A0D5-9AC39FE38A04}.Debug|Any CPU.ActiveCfg = Debug|Any CPU
		{F176F6D4-A5F4-4780-A0D5-9AC39FE38A04}.Debug|Any CPU.Build.0 = Debug|Any CPU
		{F176F6D4-A5F4-4780-A0D5-9AC39FE38A04}.Release|Any CPU.ActiveCfg = Release|Any CPU
		{F176F6D4-A5F4-4780-A0D5-9AC39FE38A04}.Release|Any CPU.Build.0 = Release|Any CPU
	EndGlobalSection
	GlobalSection(SolutionProperties) = preSolution
		HideSolutionNode = FALSE
	EndGlobalSection
	GlobalSection(ExtensibilityGlobals) = postSolution
		SolutionGuid = {EBB95DD8-EC7C-4190-8DA4-9D8514F1D708}
	EndGlobalSection
EndGlobal
